<?xml version="1.0" encoding="utf-8"?>
<Project ToolsVersion="4.0" xmlns="http://schemas.microsoft.com/developer/msbuild/2003">
  <ItemGroup>
    <Filter Include="Source Files">
      <UniqueIdentifier>{4FC737F1-C7A5-4376-A066-2A32D752A2FF}</UniqueIdentifier>
      <Extensions>cpp;c;cc;cxx;c++;cppm;ixx;def;odl;idl;hpj;bat;asm;asmx</Extensions>
    </Filter>
    <Filter Include="Header Files">
      <UniqueIdentifier>{93995380-89BD-4b04-88EB-625FBE52EBFB}</UniqueIdentifier>
      <Extensions>h;hh;hpp;hxx;h++;hm;inl;inc;ipp;xsd</Extensions>
    </Filter>
    <Filter Include="Resource Files">
      <UniqueIdentifier>{67DA6AB6-F800-4c08-8B7A-83BB121AAD01}</UniqueIdentifier>
      <Extensions>rc;ico;cur;bmp;dlg;rc2;rct;bin;rgs;gif;jpg;jpeg;jpe;resx;tiff;tif;png;wav;mfcribbon-ms</Extensions>
    </Filter>
    <Filter Include="Ball">
      <UniqueIdentifier>{7da30bf2-8b14-4420-8994-da654d4c9883}</UniqueIdentifier>
    </Filter>
    <Filter Include="physics">
      <UniqueIdentifier>{c1af19fe-8336-4d49-85fa-0c0b5f651b59}</UniqueIdentifier>
    </Filter>
    <Filter Include="render">
      <UniqueIdentifier>{8dc1091c-3609-416e-926a-6a5b99ae144f}</UniqueIdentifier>
    </Filter>
    <Filter Include="input">
      <UniqueIdentifier>{8485fc6a-1b0a-4946-930a-1b13af57ea28}</UniqueIdentifier>
    </Filter>
    <Filter Include="CueStick">
      <UniqueIdentifier>{80225961-7853-4be6-b949-6966ecd780b8}</UniqueIdentifier>
    </Filter>
    <Filter Include="referee">
      <UniqueIdentifier>{07e18899-4224-41f7-b1bb-0c33fa032cf4}</UniqueIdentifier>
    </Filter>
    <Filter Include="vector2">
      <UniqueIdentifier>{5644b804-734c-48f1-b52f-251681851322}</UniqueIdentifier>
    </Filter>
    <Filter Include="allegro_handler">
      <UniqueIdentifier>{94900eed-7a62-4a1f-b997-d1ea8220d6aa}</UniqueIdentifier>
    </Filter>
    <Filter Include="Players">
      <UniqueIdentifier>{984b8acc-3b30-4163-9655-09e329e83960}</UniqueIdentifier>
    </Filter>
    <Filter Include="GameLogic">
      <UniqueIdentifier>{0a155a1f-25e7-4769-a98f-8ed3a6240ab2}</UniqueIdentifier>
    </Filter>
    <Filter Include="common">
      <UniqueIdentifier>{ec0d75e4-a133-48ef-9b3f-b34879ba1b25}</UniqueIdentifier>
    </Filter>
  </ItemGroup>
  <ItemGroup>
    <ClCompile Include="main.cpp">
      <Filter>Source Files</Filter>
    </ClCompile>
    <ClCompile Include="Ball.cpp">
      <Filter>Ball</Filter>
    </ClCompile>
    <ClCompile Include="physics.cpp">
      <Filter>physics</Filter>
    </ClCompile>
    <ClCompile Include="render.cpp">
      <Filter>render</Filter>
    </ClCompile>
    <ClCompile Include="Input.cpp">
      <Filter>input</Filter>
    </ClCompile>
    <ClCompile Include="Players.cpp">
      <Filter>Players</Filter>
    </ClCompile>
    <ClCompile Include="CueStick.cpp">
      <Filter>CueStick</Filter>
    </ClCompile>
    <ClCompile Include="referee.cpp">
      <Filter>referee</Filter>
    </ClCompile>
    <ClCompile Include="Vector2.cpp">
      <Filter>vector2</Filter>
    </ClCompile>
    <ClCompile Include="AllegroHandler.cpp">
      <Filter>allegro_handler</Filter>
    </ClCompile>
    <ClCompile Include="GameLogic.cpp">
      <Filter>GameLogic</Filter>
    </ClCompile>
    <ClCompile Include="common.cpp">
      <Filter>common</Filter>
    </ClCompile>
  </ItemGroup>
  <ItemGroup>
    <None Include="packages.config" />
  </ItemGroup>
  <ItemGroup>
    <ClInclude Include="Ball.h">
      <Filter>Ball</Filter>
    </ClInclude>
    <ClInclude Include="constants.h">
      <Filter>Header Files</Filter>
    </ClInclude>
    <ClInclude Include="physics.h">
      <Filter>physics</Filter>
    </ClInclude>
    <ClInclude Include="render.h">
      <Filter>render</Filter>
    </ClInclude>
    <ClInclude Include="Input.h">
      <Filter>input</Filter>
    </ClInclude>
    <ClInclude Include="Players.h">
      <Filter>Players</Filter>
    </ClInclude>
    <ClInclude Include="CueStick.h">
      <Filter>CueStick</Filter>
    </ClInclude>
    <ClInclude Include="referee.h">
      <Filter>referee</Filter>
    </ClInclude>
    <ClInclude Include="Vector2.h">
      <Filter>vector2</Filter>
    </ClInclude>
    <ClInclude Include="AllegroHandler.h">
      <Filter>allegro_handler</Filter>
    </ClInclude>
    <ClInclude Include="GameLogic.h">
      <Filter>GameLogic</Filter>
    </ClInclude>
    <ClInclude Include="common.h">
      <Filter>common</Filter>
    </ClInclude>
  </ItemGroup>
</Project>